
Microsoft Visual Studio Solution File, Format Version 12.00
# Visual Studio 15
VisualStudioVersion = 15.0.26228.9
MinimumVisualStudioVersion = 10.0.40219.1
Project("{FAE04EC0-301F-11D3-BF4B-00C04F79EFBC}") = "MIC.Database", "MIC.Database\MIC.Database.csproj", "{319F8FDB-00F1-497C-BF8B-58A2E86BDA91}"
EndProject
Project("{2150E333-8FDC-42A3-9474-1A3956D46DE8}") = "Frameworks", "Frameworks", "{2AC7A986-56DC-4059-B86B-59DD998A3B53}"
EndProject
Project("{2150E333-8FDC-42A3-9474-1A3956D46DE8}") = "Applications", "Applications", "{98BD5436-595E-4FBF-806D-E6E6D99A06DC}"
EndProject
Project("{FAE04EC0-301F-11D3-BF4B-00C04F79EFBC}") = "StockDataImport", "StockDataImport\StockDataImport.csproj", "{960BF914-F1C4-49D9-9C19-9273B391E85C}"
EndProject
Project("{FAE04EC0-301F-11D3-BF4B-00C04F79EFBC}") = "MIC.Common", "MIC.Common\MIC.Common.csproj", "{A92B24C4-C04D-49DC-8661-019D7ED62BE5}"
EndProject
Project("{FAE04EC0-301F-11D3-BF4B-00C04F79EFBC}") = "StockAnalyzer", "StockAnalyzer\StockAnalyzer.csproj", "{A96F8529-1530-4EA9-8410-7FDEF5F6FAD3}"
EndProject
Global
	GlobalSection(SolutionConfigurationPlatforms) = preSolution
		Debug|Any CPU = Debug|Any CPU
		Release|Any CPU = Release|Any CPU
	EndGlobalSection
	GlobalSection(ProjectConfigurationPlatforms) = postSolution
		{319F8FDB-00F1-497C-BF8B-58A2E86BDA91}.Debug|Any CPU.ActiveCfg = Debug|Any CPU
		{319F8FDB-00F1-497C-BF8B-58A2E86BDA91}.Debug|Any CPU.Build.0 = Debug|Any CPU
		{319F8FDB-00F1-497C-BF8B-58A2E86BDA91}.Release|Any CPU.ActiveCfg = Release|Any CPU
		{319F8FDB-00F1-497C-BF8B-58A2E86BDA91}.Release|Any CPU.Build.0 = Release|Any CPU
		{960BF914-F1C4-49D9-9C19-9273B391E85C}.Debug|Any CPU.ActiveCfg = Debug|Any CPU
		{960BF914-F1C4-49D9-9C19-9273B391E85C}.Debug|Any CPU.Build.0 = Debug|Any CPU
		{960BF914-F1C4-49D9-9C19-9273B391E85C}.Release|Any CPU.ActiveCfg = Release|Any CPU
		{960BF914-F1C4-49D9-9C19-9273B391E85C}.Release|Any CPU.Build.0 = Release|Any CPU
		{A92B24C4-C04D-49DC-8661-019D7ED62BE5}.Debug|Any CPU.ActiveCfg = Debug|Any CPU
		{A92B24C4-C04D-49DC-8661-019D7ED62BE5}.Debug|Any CPU.Build.0 = Debug|Any CPU
		{A92B24C4-C04D-49DC-8661-019D7ED62BE5}.Release|Any CPU.ActiveCfg = Release|Any CPU
		{A92B24C4-C04D-49DC-8661-019D7ED62BE5}.Release|Any CPU.Build.0 = Release|Any CPU
		{A96F8529-1530-4EA9-8410-7FDEF5F6FAD3}.Debug|Any CPU.ActiveCfg = Debug|Any CPU
		{A96F8529-1530-4EA9-8410-7FDEF5F6FAD3}.Debug|Any CPU.Build.0 = Debug|Any CPU
		{A96F8529-1530-4EA9-8410-7FDEF5F6FAD3}.Release|Any CPU.ActiveCfg = Release|Any CPU
		{A96F8529-1530-4EA9-8410-7FDEF5F6FAD3}.Release|Any CPU.Build.0 = Release|Any CPU
	EndGlobalSection
	GlobalSection(SolutionProperties) = preSolution
		HideSolutionNode = FALSE
	EndGlobalSection
	GlobalSection(NestedProjects) = preSolution
		{319F8FDB-00F1-497C-BF8B-58A2E86BDA91} = {2AC7A986-56DC-4059-B86B-59DD998A3B53}
		{960BF914-F1C4-49D9-9C19-9273B391E85C} = {98BD5436-595E-4FBF-806D-E6E6D99A06DC}
		{A92B24C4-C04D-49DC-8661-019D7ED62BE5} = {2AC7A986-56DC-4059-B86B-59DD998A3B53}
		{A96F8529-1530-4EA9-8410-7FDEF5F6FAD3} = {98BD5436-595E-4FBF-806D-E6E6D99A06DC}
	EndGlobalSection
EndGlobal
